
Microsoft Visual Studio Solution File, Format Version 12.00
# Visual Studio Version 17
VisualStudioVersion = 17.10.34928.147
MinimumVisualStudioVersion = 10.0.40219.1
Project("{9A19103F-16F7-4668-BE54-9A1E7A4F7556}") = "FindADoctorApi", "FindADoctorApi.csproj", "{87D69460-9892-49C8-943F-9B8DA3056877}"
EndProject
Global
	GlobalSection(SolutionConfigurationPlatforms) = preSolution
		Debug|Any CPU = Debug|Any CPU
		Release|Any CPU = Release|Any CPU
	EndGlobalSection
	GlobalSection(ProjectConfigurationPlatforms) = postSolution
		{87D69460-9892-49C8-943F-9B8DA3056877}.Debug|Any CPU.ActiveCfg = Debug|Any CPU
		{87D69460-9892-49C8-943F-9B8DA3056877}.Debug|Any CPU.Build.0 = Debug|Any CPU
		{87D69460-9892-49C8-943F-9B8DA3056877}.Release|Any CPU.ActiveCfg = Release|Any CPU
		{87D69460-9892-49C8-943F-9B8DA3056877}.Release|Any CPU.Build.0 = Release|Any CPU
	EndGlobalSection
	GlobalSection(SolutionProperties) = preSolution
		HideSolutionNode = FALSE
	EndGlobalSection
	GlobalSection(ExtensibilityGlobals) = postSolution
		SolutionGuid = {34436764-42FC-44A0-9D5C-0E9A0FDEB0A1}
	EndGlobalSection
EndGlobal
